{
    "_readme": [
        "This file locks the dependencies of your project to a known state",
        "Read more about it at https://getcomposer.org/doc/01-basic-usage.md#installing-dependencies",
        "This file is @generated automatically"
    ],
    "content-hash": "d3d6f442919cbfa63dd295f5245b3f85",
    "packages": [
        {
            "name": "oxil/kinikit-core",
            "version": "0.0.6",
            "source": {
                "type": "git",
                "url": "https://bitbucket.org/oxildev/kinikit-core.git",
                "reference": "07af56019669a159f0826f30e237f047c52375b7"
            },
            "dist": {
                "type": "zip",
                "url": "https://bitbucket.org/oxildev/kinikit-core/get/07af56019669a159f0826f30e237f047c52375b7.zip",
                "reference": "07af56019669a159f0826f30e237f047c52375b7",
                "shasum": ""
            },
            "require": {
                "ext-iconv": "*",
                "ext-libxml": "*",
                "ext-mbstring": "*",
                "php": "^5.6|^7.0"
            },
            "type": "library",
            "autoload": {
                "psr-4": {
                    "Kinikit\\Core\\": "src/"
                }
            },
            "notification-url": "https://packagist.org/downloads/",
            "description": "Kinikit - PHP Application development framework",
            "homepage": "https://kinikit.com",
            "keywords": [
                "application",
                "json webservices",
                "mvc",
                "orm",
                "persistence framework",
                "php",
                "webservices"
            ],
            "time": "2018-10-23T16:30:47+00:00"
        }
    ],
    "packages-dev": [],
    "aliases": [],
    "minimum-stability": "stable",
    "stability-flags": [],
    "prefer-stable": false,
    "prefer-lowest": false,
    "platform": [],
    "platform-dev": []
}
